{
  "name": "vue-vuelidate-jsonschema",
  "version": "0.13.4",
  "lockfileVersion": 1,
  "requires": true,
  "dependencies": {
    "chai": {
      "version": "4.1.2",
      "resolved": "https://registry.npmjs.org/chai/-/chai-4.1.2.tgz",
      "integrity": "sha1-D2RYS6ZC8PKs4oBiefTwbKI61zw=",
      "dev": true
    },
    "coveralls": {
      "version": "3.0.0",
      "resolved": "https://registry.npmjs.org/coveralls/-/coveralls-3.0.0.tgz",
      "integrity": "sha512-ZppXR9y5PraUOrf/DzHJY6gzNUhXYE3b9D43xEXs4QYZ7/Oe0Gy0CS+IPKWFfvQFXB3RG9QduaQUFehzSpGAFw==",
      "dev": true,
      "dependencies": {
        "minimist": {
          "version": "1.2.0",
          "resolved": "https://registry.npmjs.org/minimist/-/minimist-1.2.0.tgz",
          "integrity": "sha1-o1AIsg9BOD7sH7kU9M1d95omQoQ="
        }
      }
    },
    "eslint": {
      "version": "4.8.0",
      "resolved": "https://registry.npmjs.org/eslint/-/eslint-4.8.0.tgz",
      "integrity": "sha1-Ip7w41Tg5h2DfHqA/fuoJeGZgV4=",
      "dev": true
    },
    "eslint-config": {
      "version": "0.3.0",
      "resolved": "https://registry.npmjs.org/eslint-config/-/eslint-config-0.3.0.tgz",
      "integrity": "sha1-0ctfGrs37vMC9bYT66s7HPUJvOE=",
      "dev": true,
      "dependencies": {
        "ajv": {
          "version": "4.11.8",
          "resolved": "https://registry.npmjs.org/ajv/-/ajv-4.11.8.tgz",
          "integrity": "sha1-gv+wKynmYq5TvcIK8VlHcGc5xTY="
        },
        "ajv-keywords": {
          "version": "1.5.1",
          "resolved": "https://registry.npmjs.org/ajv-keywords/-/ajv-keywords-1.5.1.tgz",
          "integrity": "sha1-MU3QpLM2j609/NxU7eYXG4htrzw="
        },
        "ansi-escapes": {
          "version": "1.4.0",
          "resolved": "https://registry.npmjs.org/ansi-escapes/-/ansi-escapes-1.4.0.tgz",
          "integrity": "sha1-06ioOzGapneTZisT52HHkRQiMG4="
        },
        "chalk": {
          "version": "1.1.3",
          "resolved": "https://registry.npmjs.org/chalk/-/chalk-1.1.3.tgz",
          "integrity": "sha1-qBFcVeSnAv5NFQq9OHKCKn4J/Jg="
        },
        "cli-cursor": {
          "version": "1.0.2",
          "resolved": "https://registry.npmjs.org/cli-cursor/-/cli-cursor-1.0.2.tgz",
          "integrity": "sha1-ZNo/fValRBLll5S9Ytw1KV6PKYc="
        },
        "debug": {
          "version": "2.6.9",
          "resolved": "https://registry.npmjs.org/debug/-/debug-2.6.9.tgz",
          "integrity": "sha512-bC7ElrdJaJnPbAP+1EotYvqZsb3ecl5wi6Bfi6BJTUcNowp6cvspg0jXznRTKDjm/E7AdgFBVeAPVMNcKGsHMA=="
        },
        "doctrine": {
          "version": "1.5.0",
          "resolved": "https://registry.npmjs.org/doctrine/-/doctrine-1.5.0.tgz",
          "integrity": "sha1-N53Ocw9hZvds76TmcHoVmwLFpvo="
        },
        "eslint": {
          "version": "2.13.1",
          "resolved": "https://registry.npmjs.org/eslint/-/eslint-2.13.1.tgz",
          "integrity": "sha1-5MyPoPAJ+4KaquI4VaKTYL4fbBE="
        },
        "figures": {
          "version": "1.7.0",
          "resolved": "https://registry.npmjs.org/figures/-/figures-1.7.0.tgz",
          "integrity": "sha1-y+Hjr/zxzUS4DK3+0o3Hk6lwHS4="
        },
        "file-entry-cache": {
          "version": "1.3.1",
          "resolved": "https://registry.npmjs.org/file-entry-cache/-/file-entry-cache-1.3.1.tgz",
          "integrity": "sha1-RMYepgeuS+nBQC9B9EJwy/4zT/g="
        },
        "inquirer": {
          "version": "0.12.0",
          "resolved": "https://registry.npmjs.org/inquirer/-/inquirer-0.12.0.tgz",
          "integrity": "sha1-HvK/1jUE3wvHV4X/+MLEHfEvB34="
        },
        "is-fullwidth-code-point": {
          "version": "1.0.0",
          "resolved": "https://registry.npmjs.org/is-fullwidth-code-point/-/is-fullwidth-code-point-1.0.0.tgz",
          "integrity": "sha1-754xOG8DGn8NZDr4L95QxFfvAMs="
        },
        "onetime": {
          "version": "1.1.0",
          "resolved": "https://registry.npmjs.org/onetime/-/onetime-1.1.0.tgz",
          "integrity": "sha1-ofeDj4MUxRbwXs78vEzP4EtO14k="
        },
        "pluralize": {
          "version": "1.2.1",
          "resolved": "https://registry.npmjs.org/pluralize/-/pluralize-1.2.1.tgz",
          "integrity": "sha1-0aIUg/0iu0HlihL6NCGCMUCJfEU="
        },
        "progress": {
          "version": "1.1.8",
          "resolved": "https://registry.npmjs.org/progress/-/progress-1.1.8.tgz",
          "integrity": "sha1-4mDHj2Fhzdmw5WzD4Khd4Xx6V74="
        },
        "restore-cursor": {
          "version": "1.0.1",
          "resolved": "https://registry.npmjs.org/restore-cursor/-/restore-cursor-1.0.1.tgz",
          "integrity": "sha1-NGYfRohjJ/7SmRR5FSJS35LapUE="
        },
        "run-async": {
          "version": "0.1.0",
          "resolved": "https://registry.npmjs.org/run-async/-/run-async-0.1.0.tgz",
          "integrity": "sha1-yK1KXhEGYeQCp9IbUw4AnyX444k="
        },
        "rx-lite": {
          "version": "3.1.2",
          "resolved": "https://registry.npmjs.org/rx-lite/-/rx-lite-3.1.2.tgz",
          "integrity": "sha1-Gc5QLKVyZl87ZHsQk5+X/RYV8QI="
        },
        "slice-ansi": {
          "version": "0.0.4",
          "resolved": "https://registry.npmjs.org/slice-ansi/-/slice-ansi-0.0.4.tgz",
          "integrity": "sha1-7b+JA/ZvfOL46v1s7tZeJkyDGzU="
        },
        "string-width": {
          "version": "1.0.2",
          "resolved": "https://registry.npmjs.org/string-width/-/string-width-1.0.2.tgz",
          "integrity": "sha1-EYvfW4zcUaKn5w0hHgfisLmxB9M="
        },
        "strip-ansi": {
          "version": "3.0.1",
          "resolved": "https://registry.npmjs.org/strip-ansi/-/strip-ansi-3.0.1.tgz",
          "integrity": "sha1-ajhfuIU9lS1f8F0Oiq+UJ43GPc8="
        },
        "strip-json-comments": {
          "version": "1.0.4",
          "resolved": "https://registry.npmjs.org/strip-json-comments/-/strip-json-comments-1.0.4.tgz",
          "integrity": "sha1-HhX7ysl9Pumb8tc7TGVrCCu6+5E="
        },
        "table": {
          "version": "3.8.3",
          "resolved": "https://registry.npmjs.org/table/-/table-3.8.3.tgz",
          "integrity": "sha1-K7xULw/amGGnVdOUf+/Ys/UThV8=",
          "dependencies": {
            "ansi-regex": {
              "version": "3.0.0",
              "resolved": "https://registry.npmjs.org/ansi-regex/-/ansi-regex-3.0.0.tgz",
              "integrity": "sha1-7QMXwyIGT3lGbAKWa922Bas32Zg="
            },
            "is-fullwidth-code-point": {
              "version": "2.0.0",
              "resolved": "https://registry.npmjs.org/is-fullwidth-code-point/-/is-fullwidth-code-point-2.0.0.tgz",
              "integrity": "sha1-o7MKXE8ZkYMWeqq5O+764937ZU8="
            },
            "string-width": {
              "version": "2.1.1",
              "resolved": "https://registry.npmjs.org/string-width/-/string-width-2.1.1.tgz",
              "integrity": "sha512-nOqH59deCq9SRHlxq1Aw85Jnt4w6KvLKqWVik6oA9ZklXLNIOlqg4F2yrT1MVaTjAqvVwdfeZ7w7aCvJD7ugkw=="
            },
            "strip-ansi": {
              "version": "4.0.0",
              "resolved": "https://registry.npmjs.org/strip-ansi/-/strip-ansi-4.0.0.tgz",
              "integrity": "sha1-qEeQIusaw2iocTibY1JixQXuNo8="
            }
          }
        }
      }
    },
    "eslint-config-standard": {
      "version": "10.2.1",
      "resolved": "https://registry.npmjs.org/eslint-config-standard/-/eslint-config-standard-10.2.1.tgz",
      "integrity": "sha1-wGHk0GbzedwXzVYsZOgZtN1FRZE=",
      "dev": true
    },
    "eslint-plugin-import": {
      "version": "2.7.0",
      "resolved": "https://registry.npmjs.org/eslint-plugin-import/-/eslint-plugin-import-2.7.0.tgz",
      "integrity": "sha512-HGYmpU9f/zJaQiKNQOVfHUh2oLWW3STBrCgH0sHTX1xtsxYlH1zjLh8FlQGEIdZSdTbUMaV36WaZ6ImXkenGxQ==",
      "dev": true,
      "dependencies": {
        "debug": {
          "version": "2.6.9",
          "resolved": "https://registry.npmjs.org/debug/-/debug-2.6.9.tgz",
          "integrity": "sha512-bC7ElrdJaJnPbAP+1EotYvqZsb3ecl5wi6Bfi6BJTUcNowp6cvspg0jXznRTKDjm/E7AdgFBVeAPVMNcKGsHMA=="
        },
        "doctrine": {
          "version": "1.5.0",
          "resolved": "https://registry.npmjs.org/doctrine/-/doctrine-1.5.0.tgz",
          "integrity": "sha1-N53Ocw9hZvds76TmcHoVmwLFpvo="
        }
      }
    },
    "eslint-plugin-node": {
      "version": "5.2.0",
      "resolved": "https://registry.npmjs.org/eslint-plugin-node/-/eslint-plugin-node-5.2.0.tgz",
      "integrity": "sha512-N9FLFwknT5LhRhjz1lmHguNss/MCwkrLCS4CjqqTZZTJaUhLRfDNK3zxSHL/Il3Aa0Mw+xY3T1gtsJrUNoJy8Q==",
      "dev": true,
      "dependencies": {
        "semver": {
          "version": "5.3.0",
          "resolved": "https://registry.npmjs.org/semver/-/semver-5.3.0.tgz",
          "integrity": "sha1-myzl094C0XxgEq0yaqa00M9U+U8="
        }
      }
    },
    "eslint-plugin-promise": {
      "version": "3.5.0",
      "resolved": "https://registry.npmjs.org/eslint-plugin-promise/-/eslint-plugin-promise-3.5.0.tgz",
      "integrity": "sha1-ePu2/+BHIBYnVp6FpsU3OvKmj8o=",
      "dev": true
    },
    "eslint-plugin-standard": {
      "version": "3.0.1",
      "resolved": "https://registry.npmjs.org/eslint-plugin-standard/-/eslint-plugin-standard-3.0.1.tgz",
      "integrity": "sha1-NNDJFbRe3G8BA5PH7vOCOwhWXPI=",
      "dev": true
    },
    "flat": {
      "version": "4.0.0",
      "resolved": "https://registry.npmjs.org/flat/-/flat-4.0.0.tgz",
      "integrity": "sha512-ji/WMv2jdsE+LaznpkIF9Haax0sdpTBozrz/Dtg4qSRMfbs8oVg4ypJunIRYPiMLvH/ed6OflXbnbTIKJhtgeg=="
    },
    "json-schema-ref-parser": {
      "version": "3.3.1",
      "resolved": "https://registry.npmjs.org/json-schema-ref-parser/-/json-schema-ref-parser-3.3.1.tgz",
      "integrity": "sha512-stQTMhec2R/p2L9dH4XXRlpNCP0mY8QrLd/9Kl+8SHJQmwHtE1nDfXH4wbsSM+GkJMl8t92yZbI0OIol432CIQ==",
      "dev": true
    },
    "lodash": {
      "version": "4.17.21",
      "resolved": "https://registry.npmjs.org/lodash/-/lodash-4.17.21.tgz",
      "integrity": "sha512-v2kDEe57lecTulaDIuNTPy3Ry4gLGJ6Z1O3vE1krgXZNrsQ+LFTGHVxVjcXPs17LhbZVGedAJv8XZ1tvj5FvSg=="
    },
    "mocha": {
      "version": "4.0.1",
      "resolved": "https://registry.npmjs.org/mocha/-/mocha-4.0.1.tgz",
      "integrity": "sha512-evDmhkoA+cBNiQQQdSKZa2b9+W2mpLoj50367lhy+Klnx9OV8XlCIhigUnn1gaTFLQCa0kdNhEGDr0hCXOQFDw==",
      "dev": true,
      "dependencies": {
        "supports-color": {
          "version": "4.4.0",
          "resolved": "https://registry.npmjs.org/supports-color/-/supports-color-4.4.0.tgz",
          "integrity": "sha512-rKC3+DyXWgK0ZLKwmRsrkyHVZAjNkfzeehuFWdGGcqGDTZFH73+RH6S/RDAAxl9GusSjZSUWYLmT9N5pzXFOXQ=="
        }
      }
    },
    "nyc": {
      "version": "11.2.1",
      "resolved": "https://registry.npmjs.org/nyc/-/nyc-11.2.1.tgz",
      "integrity": "sha1-rYUK/p261/SXByi0suR/7Rw4chw=",
      "dev": true,
      "dependencies": {
        "align-text": {
          "version": "0.1.4",
          "bundled": true
        },
        "amdefine": {
          "version": "1.0.1",
          "bundled": true
        },
        "ansi-regex": {
          "version": "2.1.1",
          "bundled": true
        },
        "ansi-styles": {
          "version": "2.2.1",
          "bundled": true
        },
        "append-transform": {
          "version": "0.4.0",
          "bundled": true
        },
        "archy": {
          "version": "1.0.0",
          "bundled": true
        },
        "arr-diff": {
          "version": "2.0.0",
          "bundled": true
        },
        "arr-flatten": {
          "version": "1.1.0",
          "bundled": true
        },
        "array-unique": {
          "version": "0.2.1",
          "bundled": true
        },
        "arrify": {
          "version": "1.0.1",
          "bundled": true
        },
        "async": {
          "version": "1.5.2",
          "bundled": true
        },
        "babel-code-frame": {
          "version": "6.26.0",
          "bundled": true
        },
        "babel-generator": {
          "version": "6.26.0",
          "bundled": true
        },
        "babel-messages": {
          "version": "6.23.0",
          "bundled": true
        },
        "babel-runtime": {
          "version": "6.26.0",
          "bundled": true
        },
        "babel-template": {
          "version": "6.26.0",
          "bundled": true
        },
        "babel-traverse": {
          "version": "6.26.0",
          "bundled": true
        },
        "babel-types": {
          "version": "6.26.0",
          "bundled": true
        },
        "babylon": {
          "version": "6.18.0",
          "bundled": true
        },
        "balanced-match": {
          "version": "1.0.0",
          "bundled": true
        },
        "brace-expansion": {
          "version": "1.1.8",
          "bundled": true
        },
        "braces": {
          "version": "1.8.5",
          "bundled": true
        },
        "builtin-modules": {
          "version": "1.1.1",
          "bundled": true
        },
        "caching-transform": {
          "version": "1.0.1",
          "bundled": true
        },
        "camelcase": {
          "version": "1.2.1",
          "bundled": true
        },
        "center-align": {
          "version": "0.1.3",
          "bundled": true
        },
        "chalk": {
          "version": "1.1.3",
          "bundled": true
        },
        "cliui": {
          "version": "2.1.0",
          "bundled": true,
          "dependencies": {
            "wordwrap": {
              "version": "0.0.2",
              "bundled": true
            }
          }
        },
        "code-point-at": {
          "version": "1.1.0",
          "bundled": true
        },
        "commondir": {
          "version": "1.0.1",
          "bundled": true
        },
        "concat-map": {
          "version": "0.0.1",
          "bundled": true
        },
        "convert-source-map": {
          "version": "1.5.0",
          "bundled": true
        },
        "core-js": {
          "version": "2.5.1",
          "bundled": true
        },
        "cross-spawn": {
          "version": "4.0.2",
          "bundled": true
        },
        "debug": {
          "version": "2.6.8",
          "bundled": true
        },
        "debug-log": {
          "version": "1.0.1",
          "bundled": true
        },
        "decamelize": {
          "version": "1.2.0",
          "bundled": true
        },
        "default-require-extensions": {
          "version": "1.0.0",
          "bundled": true
        },
        "detect-indent": {
          "version": "4.0.0",
          "bundled": true
        },
        "error-ex": {
          "version": "1.3.1",
          "bundled": true
        },
        "escape-string-regexp": {
          "version": "1.0.5",
          "bundled": true
        },
        "esutils": {
          "version": "2.0.2",
          "bundled": true
        },
        "execa": {
          "version": "0.7.0",
          "bundled": true,
          "dependencies": {
            "cross-spawn": {
              "version": "5.1.0",
              "bundled": true
            }
          }
        },
        "expand-brackets": {
          "version": "0.1.5",
          "bundled": true
        },
        "expand-range": {
          "version": "1.8.2",
          "bundled": true
        },
        "extglob": {
          "version": "0.3.2",
          "bundled": true
        },
        "filename-regex": {
          "version": "2.0.1",
          "bundled": true
        },
        "fill-range": {
          "version": "2.2.3",
          "bundled": true
        },
        "find-cache-dir": {
          "version": "0.1.1",
          "bundled": true
        },
        "find-up": {
          "version": "2.1.0",
          "bundled": true
        },
        "for-in": {
          "version": "1.0.2",
          "bundled": true
        },
        "for-own": {
          "version": "0.1.5",
          "bundled": true
        },
        "foreground-child": {
          "version": "1.5.6",
          "bundled": true
        },
        "fs.realpath": {
          "version": "1.0.0",
          "bundled": true
        },
        "get-caller-file": {
          "version": "1.0.2",
          "bundled": true
        },
        "get-stream": {
          "version": "3.0.0",
          "bundled": true
        },
        "glob": {
          "version": "7.1.2",
          "bundled": true
        },
        "glob-base": {
          "version": "0.3.0",
          "bundled": true
        },
        "glob-parent": {
          "version": "2.0.0",
          "bundled": true
        },
        "globals": {
          "version": "9.18.0",
          "bundled": true
        },
        "graceful-fs": {
          "version": "4.1.11",
          "bundled": true
        },
        "handlebars": {
          "version": "4.0.10",
          "bundled": true,
          "dependencies": {
            "source-map": {
              "version": "0.4.4",
              "bundled": true
            }
          }
        },
        "has-ansi": {
          "version": "2.0.0",
          "bundled": true
        },
        "has-flag": {
          "version": "1.0.0",
          "bundled": true
        },
        "hosted-git-info": {
          "version": "2.5.0",
          "bundled": true
        },
        "imurmurhash": {
          "version": "0.1.4",
          "bundled": true
        },
        "inflight": {
          "version": "1.0.6",
          "bundled": true
        },
        "inherits": {
          "version": "2.0.3",
          "bundled": true
        },
        "invariant": {
          "version": "2.2.2",
          "bundled": true
        },
        "invert-kv": {
          "version": "1.0.0",
          "bundled": true
        },
        "is-arrayish": {
          "version": "0.2.1",
          "bundled": true
        },
        "is-buffer": {
          "version": "1.1.5",
          "bundled": true
        },
        "is-builtin-module": {
          "version": "1.0.0",
          "bundled": true
        },
        "is-dotfile": {
          "version": "1.0.3",
          "bundled": true
        },
        "is-equal-shallow": {
          "version": "0.1.3",
          "bundled": true
        },
        "is-extendable": {
          "version": "0.1.1",
          "bundled": true
        },
        "is-extglob": {
          "version": "1.0.0",
          "bundled": true
        },
        "is-finite": {
          "version": "1.0.2",
          "bundled": true
        },
        "is-fullwidth-code-point": {
          "version": "1.0.0",
          "bundled": true
        },
        "is-glob": {
          "version": "2.0.1",
          "bundled": true
        },
        "is-number": {
          "version": "2.1.0",
          "bundled": true
        },
        "is-posix-bracket": {
          "version": "0.1.1",
          "bundled": true
        },
        "is-primitive": {
          "version": "2.0.0",
          "bundled": true
        },
        "is-stream": {
          "version": "1.1.0",
          "bundled": true
        },
        "is-utf8": {
          "version": "0.2.1",
          "bundled": true
        },
        "isarray": {
          "version": "1.0.0",
          "bundled": true
        },
        "isexe": {
          "version": "2.0.0",
          "bundled": true
        },
        "isobject": {
          "version": "2.1.0",
          "bundled": true
        },
        "istanbul-lib-coverage": {
          "version": "1.1.1",
          "bundled": true
        },
        "istanbul-lib-hook": {
          "version": "1.0.7",
          "bundled": true
        },
        "istanbul-lib-instrument": {
          "version": "1.8.0",
          "bundled": true
        },
        "istanbul-lib-report": {
          "version": "1.1.1",
          "bundled": true,
          "dependencies": {
            "supports-color": {
              "version": "3.2.3",
              "bundled": true
            }
          }
        },
        "istanbul-lib-source-maps": {
          "version": "1.2.1",
          "bundled": true
        },
        "istanbul-reports": {
          "version": "1.1.2",
          "bundled": true
        },
        "js-tokens": {
          "version": "3.0.2",
          "bundled": true
        },
        "jsesc": {
          "version": "1.3.0",
          "bundled": true
        },
        "kind-of": {
          "version": "3.2.2",
          "bundled": true
        },
        "lazy-cache": {
          "version": "1.0.4",
          "bundled": true
        },
        "lcid": {
          "version": "1.0.0",
          "bundled": true
        },
        "load-json-file": {
          "version": "1.1.0",
          "bundled": true
        },
        "locate-path": {
          "version": "2.0.0",
          "bundled": true,
          "dependencies": {
            "path-exists": {
              "version": "3.0.0",
              "bundled": true
            }
          }
        },
        "lodash": {
          "version": "4.17.4",
          "bundled": true
        },
        "longest": {
          "version": "1.0.1",
          "bundled": true
        },
        "loose-envify": {
          "version": "1.3.1",
          "bundled": true
        },
        "lru-cache": {
          "version": "4.1.1",
          "bundled": true
        },
        "md5-hex": {
          "version": "1.3.0",
          "bundled": true
        },
        "md5-o-matic": {
          "version": "0.1.1",
          "bundled": true
        },
        "mem": {
          "version": "1.1.0",
          "bundled": true
        },
        "merge-source-map": {
          "version": "1.0.4",
          "bundled": true
        },
        "micromatch": {
          "version": "2.3.11",
          "bundled": true
        },
        "mimic-fn": {
          "version": "1.1.0",
          "bundled": true
        },
        "minimatch": {
          "version": "3.0.4",
          "bundled": true
        },
        "minimist": {
          "version": "0.0.8",
          "bundled": true
        },
        "mkdirp": {
          "version": "0.5.1",
          "bundled": true
        },
        "ms": {
          "version": "2.0.0",
          "bundled": true
        },
        "normalize-package-data": {
          "version": "2.4.0",
          "bundled": true
        },
        "normalize-path": {
          "version": "2.1.1",
          "bundled": true
        },
        "npm-run-path": {
          "version": "2.0.2",
          "bundled": true
        },
        "number-is-nan": {
          "version": "1.0.1",
          "bundled": true
        },
        "object-assign": {
          "version": "4.1.1",
          "bundled": true
        },
        "object.omit": {
          "version": "2.0.1",
          "bundled": true
        },
        "once": {
          "version": "1.4.0",
          "bundled": true
        },
        "optimist": {
          "version": "0.6.1",
          "bundled": true
        },
        "os-homedir": {
          "version": "1.0.2",
          "bundled": true
        },
        "os-locale": {
          "version": "2.1.0",
          "bundled": true
        },
        "p-finally": {
          "version": "1.0.0",
          "bundled": true
        },
        "p-limit": {
          "version": "1.1.0",
          "bundled": true
        },
        "p-locate": {
          "version": "2.0.0",
          "bundled": true
        },
        "parse-glob": {
          "version": "3.0.4",
          "bundled": true
        },
        "parse-json": {
          "version": "2.2.0",
          "bundled": true
        },
        "path-exists": {
          "version": "2.1.0",
          "bundled": true
        },
        "path-is-absolute": {
          "version": "1.0.1",
          "bundled": true
        },
        "path-key": {
          "version": "2.0.1",
          "bundled": true
        },
        "path-parse": {
          "version": "1.0.5",
          "bundled": true
        },
        "path-type": {
          "version": "1.1.0",
          "bundled": true
        },
        "pify": {
          "version": "2.3.0",
          "bundled": true
        },
        "pinkie": {
          "version": "2.0.4",
          "bundled": true
        },
        "pinkie-promise": {
          "version": "2.0.1",
          "bundled": true
        },
        "pkg-dir": {
          "version": "1.0.0",
          "bundled": true,
          "dependencies": {
            "find-up": {
              "version": "1.1.2",
              "bundled": true
            }
          }
        },
        "preserve": {
          "version": "0.2.0",
          "bundled": true
        },
        "pseudomap": {
          "version": "1.0.2",
          "bundled": true
        },
        "randomatic": {
          "version": "1.1.7",
          "bundled": true,
          "dependencies": {
            "is-number": {
              "version": "3.0.0",
              "bundled": true,
              "dependencies": {
                "kind-of": {
                  "version": "3.2.2",
                  "bundled": true
                }
              }
            },
            "kind-of": {
              "version": "4.0.0",
              "bundled": true
            }
          }
        },
        "read-pkg": {
          "version": "1.1.0",
          "bundled": true
        },
        "read-pkg-up": {
          "version": "1.0.1",
          "bundled": true,
          "dependencies": {
            "find-up": {
              "version": "1.1.2",
              "bundled": true
            }
          }
        },
        "regenerator-runtime": {
          "version": "0.11.0",
          "bundled": true
        },
        "regex-cache": {
          "version": "0.4.4",
          "bundled": true
        },
        "remove-trailing-separator": {
          "version": "1.1.0",
          "bundled": true
        },
        "repeat-element": {
          "version": "1.1.2",
          "bundled": true
        },
        "repeat-string": {
          "version": "1.6.1",
          "bundled": true
        },
        "repeating": {
          "version": "2.0.1",
          "bundled": true
        },
        "require-directory": {
          "version": "2.1.1",
          "bundled": true
        },
        "require-main-filename": {
          "version": "1.0.1",
          "bundled": true
        },
        "resolve-from": {
          "version": "2.0.0",
          "bundled": true
        },
        "right-align": {
          "version": "0.1.3",
          "bundled": true
        },
        "rimraf": {
          "version": "2.6.1",
          "bundled": true
        },
        "semver": {
          "version": "5.4.1",
          "bundled": true
        },
        "set-blocking": {
          "version": "2.0.0",
          "bundled": true
        },
        "shebang-command": {
          "version": "1.2.0",
          "bundled": true
        },
        "shebang-regex": {
          "version": "1.0.0",
          "bundled": true
        },
        "signal-exit": {
          "version": "3.0.2",
          "bundled": true
        },
        "slide": {
          "version": "1.1.6",
          "bundled": true
        },
        "source-map": {
          "version": "0.5.7",
          "bundled": true
        },
        "spawn-wrap": {
          "version": "1.3.8",
          "bundled": true
        },
        "spdx-correct": {
          "version": "1.0.2",
          "bundled": true
        },
        "spdx-expression-parse": {
          "version": "1.0.4",
          "bundled": true
        },
        "spdx-license-ids": {
          "version": "1.2.2",
          "bundled": true
        },
        "string-width": {
          "version": "2.1.1",
          "bundled": true,
          "dependencies": {
            "ansi-regex": {
              "version": "3.0.0",
              "bundled": true
            },
            "is-fullwidth-code-point": {
              "version": "2.0.0",
              "bundled": true
            },
            "strip-ansi": {
              "version": "4.0.0",
              "bundled": true
            }
          }
        },
        "strip-ansi": {
          "version": "3.0.1",
          "bundled": true
        },
        "strip-bom": {
          "version": "2.0.0",
          "bundled": true
        },
        "strip-eof": {
          "version": "1.0.0",
          "bundled": true
        },
        "supports-color": {
          "version": "2.0.0",
          "bundled": true
        },
        "test-exclude": {
          "version": "4.1.1",
          "bundled": true
        },
        "to-fast-properties": {
          "version": "1.0.3",
          "bundled": true
        },
        "trim-right": {
          "version": "1.0.1",
          "bundled": true
        },
        "uglify-js": {
          "version": "2.8.29",
          "bundled": true,
          "dependencies": {
            "yargs": {
              "version": "3.10.0",
              "bundled": true
            }
          }
        },
        "uglify-to-browserify": {
          "version": "1.0.2",
          "bundled": true
        },
        "validate-npm-package-license": {
          "version": "3.0.1",
          "bundled": true
        },
        "which": {
          "version": "1.3.0",
          "bundled": true
        },
        "which-module": {
          "version": "2.0.0",
          "bundled": true
        },
        "window-size": {
          "version": "0.1.0",
          "bundled": true
        },
        "wordwrap": {
          "version": "0.0.3",
          "bundled": true
        },
        "wrap-ansi": {
          "version": "2.1.0",
          "bundled": true,
          "dependencies": {
            "string-width": {
              "version": "1.0.2",
              "bundled": true
            }
          }
        },
        "wrappy": {
          "version": "1.0.2",
          "bundled": true
        },
        "write-file-atomic": {
          "version": "1.3.4",
          "bundled": true
        },
        "y18n": {
          "version": "3.2.1",
          "bundled": true
        },
        "yallist": {
          "version": "2.1.2",
          "bundled": true
        },
        "yargs": {
          "version": "8.0.2",
          "bundled": true,
          "dependencies": {
            "camelcase": {
              "version": "4.1.0",
              "bundled": true
            },
            "cliui": {
              "version": "3.2.0",
              "bundled": true,
              "dependencies": {
                "string-width": {
                  "version": "1.0.2",
                  "bundled": true
                }
              }
            },
            "load-json-file": {
              "version": "2.0.0",
              "bundled": true
            },
            "path-type": {
              "version": "2.0.0",
              "bundled": true
            },
            "read-pkg": {
              "version": "2.0.0",
              "bundled": true
            },
            "read-pkg-up": {
              "version": "2.0.0",
              "bundled": true
            },
            "strip-bom": {
              "version": "3.0.0",
              "bundled": true
            },
            "yargs-parser": {
              "version": "7.0.0",
              "bundled": true
            }
          }
        },
        "yargs-parser": {
          "version": "5.0.0",
          "bundled": true,
          "dependencies": {
            "camelcase": {
              "version": "3.0.0",
              "bundled": true
            }
          }
        }
      }
    },
    "require-uncached": {
      "version": "1.0.3",
      "resolved": "https://registry.npmjs.org/require-uncached/-/require-uncached-1.0.3.tgz",
      "integrity": "sha1-Tg1W1slmL9MeQwEcS5WqSZVUIdM=",
      "dev": true
    },
    "vue": {
      "version": "2.5.1",
      "resolved": "https://registry.npmjs.org/vue/-/vue-2.5.1.tgz",
      "integrity": "sha512-gOTOjZZWXxXmYkchkdJ3mKi9AbkwWIc0O9yOQYbEdgigy8YI7eh7h2YS3qnDr4UIjvnrbNPbbS+OjO3Qipl4EQ==",
      "dev": true
    },
    "vuelidate": {
      "version": "0.6.1",
      "resolved": "https://registry.npmjs.org/vuelidate/-/vuelidate-0.6.1.tgz",
      "integrity": "sha512-QE24xV9ghPLHebe4nslzdApV4Uh8pT/tfdBmqK9GdUKOPtF+pLhPV6Q51GYaqK4+H1MBW6KedNX2Mrfi7/Oq8A==",
      "dev": true
    }
  }
}
